
Microsoft Visual Studio Solution File, Format Version 12.00
# Visual Studio Version 17
VisualStudioVersion = 17.14.36109.1 d17.14
MinimumVisualStudioVersion = 10.0.40219.1
Project("{FAE04EC0-301F-11D3-BF4B-00C04F79EFBC}") = "ZeroBuffer.Harmony.Tests", "ZeroBuffer.Harmony.Tests.csproj", "{18B790B0-F985-D2D2-3278-3F9605E5A4C3}"
EndProject
Project("{FAE04EC0-301F-11D3-BF4B-00C04F79EFBC}") = "ModelingEvolution.Harmony", "..\modules\harmony\ModelingEvolution.Harmony\ModelingEvolution.Harmony.csproj", "{9E216934-18C1-EEB0-07BA-E93867D8B755}"
EndProject
Project("{FAE04EC0-301F-11D3-BF4B-00C04F79EFBC}") = "ModelingEvolution.Harmony.Tests", "..\modules\harmony\ModelingEvolution.Harmony.Tests\ModelingEvolution.Harmony.Tests.csproj", "{C5613208-DC25-AA54-3A51-A02D23BCE458}"
EndProject
Global
	GlobalSection(SolutionConfigurationPlatforms) = preSolution
		Debug|Any CPU = Debug|Any CPU
		Release|Any CPU = Release|Any CPU
	EndGlobalSection
	GlobalSection(ProjectConfigurationPlatforms) = postSolution
		{18B790B0-F985-D2D2-3278-3F9605E5A4C3}.Debug|Any CPU.ActiveCfg = Debug|Any CPU
		{18B790B0-F985-D2D2-3278-3F9605E5A4C3}.Debug|Any CPU.Build.0 = Debug|Any CPU
		{18B790B0-F985-D2D2-3278-3F9605E5A4C3}.Release|Any CPU.ActiveCfg = Release|Any CPU
		{18B790B0-F985-D2D2-3278-3F9605E5A4C3}.Release|Any CPU.Build.0 = Release|Any CPU
		{9E216934-18C1-EEB0-07BA-E93867D8B755}.Debug|Any CPU.ActiveCfg = Debug|Any CPU
		{9E216934-18C1-EEB0-07BA-E93867D8B755}.Debug|Any CPU.Build.0 = Debug|Any CPU
		{9E216934-18C1-EEB0-07BA-E93867D8B755}.Release|Any CPU.ActiveCfg = Release|Any CPU
		{9E216934-18C1-EEB0-07BA-E93867D8B755}.Release|Any CPU.Build.0 = Release|Any CPU
		{C5613208-DC25-AA54-3A51-A02D23BCE458}.Debug|Any CPU.ActiveCfg = Debug|Any CPU
		{C5613208-DC25-AA54-3A51-A02D23BCE458}.Debug|Any CPU.Build.0 = Debug|Any CPU
		{C5613208-DC25-AA54-3A51-A02D23BCE458}.Release|Any CPU.ActiveCfg = Release|Any CPU
		{C5613208-DC25-AA54-3A51-A02D23BCE458}.Release|Any CPU.Build.0 = Release|Any CPU
	EndGlobalSection
	GlobalSection(SolutionProperties) = preSolution
		HideSolutionNode = FALSE
	EndGlobalSection
	GlobalSection(ExtensibilityGlobals) = postSolution
		SolutionGuid = {3AA60C14-7711-48C2-A8D5-1469A1BA4C25}
	EndGlobalSection
EndGlobal
