
Microsoft Visual Studio Solution File, Format Version 12.00
# Visual Studio Version 17
VisualStudioVersion = 17.14.36109.1
MinimumVisualStudioVersion = 10.0.40219.1
Project("{FAE04EC0-301F-11D3-BF4B-00C04F79EFBC}") = "ZeroBuffer.Harmony.Tests", "ZeroBuffer.Harmony.Tests.csproj", "{18B790B0-F985-D2D2-3278-3F9605E5A4C3}"
EndProject
Project("{FAE04EC0-301F-11D3-BF4B-00C04F79EFBC}") = "ModelingEvolution.Harmony", "..\modules\harmony\ModelingEvolution.Harmony\ModelingEvolution.Harmony.csproj", "{9E216934-18C1-EEB0-07BA-E93867D8B755}"
EndProject
Project("{FAE04EC0-301F-11D3-BF4B-00C04F79EFBC}") = "ModelingEvolution.Harmony.Tests", "..\modules\harmony\ModelingEvolution.Harmony.Tests\ModelingEvolution.Harmony.Tests.csproj", "{C5613208-DC25-AA54-3A51-A02D23BCE458}"
EndProject
Project("{FAE04EC0-301F-11D3-BF4B-00C04F79EFBC}") = "ZeroBuffer", "..\csharp\ZeroBuffer\ZeroBuffer.csproj", "{B24D4536-8679-B29D-4787-B06E34C2ADE2}"
EndProject
Project("{FAE04EC0-301F-11D3-BF4B-00C04F79EFBC}") = "ZeroBuffer.Serve", "..\csharp\ZeroBuffer.Serve\ZeroBuffer.Serve.csproj", "{CF0EF038-08E0-078A-291C-88038EE4CBF0}"
EndProject
Project("{FAE04EC0-301F-11D3-BF4B-00C04F79EFBC}") = "ZeroBuffer.Tests", "..\csharp\ZeroBuffer.Tests\ZeroBuffer.Tests.csproj", "{4B3A1B94-5D94-116D-4B6A-E7894043766D}"
EndProject
Project("{2150E333-8FDC-42A3-9474-1A3956D46DE8}") = "Python", "Python", "{02EA681E-C7D8-13C7-8484-4AC65E1B71E8}"
EndProject
Project("{FAE04EC0-301F-11D3-BF4B-00C04F79EFBC}") = "ZeroBuffer.Python.Integration.Tests", "..\python\ZeroBuffer.Python.Integration.Tests\ZeroBuffer.Python.Integration.Tests.csproj", "{98F44E05-27E4-D8E5-6338-615BDBEF7BDC}"
EndProject
Global
	GlobalSection(SolutionConfigurationPlatforms) = preSolution
		Debug|Any CPU = Debug|Any CPU
		Release|Any CPU = Release|Any CPU
	EndGlobalSection
	GlobalSection(ProjectConfigurationPlatforms) = postSolution
		{18B790B0-F985-D2D2-3278-3F9605E5A4C3}.Debug|Any CPU.ActiveCfg = Debug|Any CPU
		{18B790B0-F985-D2D2-3278-3F9605E5A4C3}.Debug|Any CPU.Build.0 = Debug|Any CPU
		{18B790B0-F985-D2D2-3278-3F9605E5A4C3}.Release|Any CPU.ActiveCfg = Release|Any CPU
		{18B790B0-F985-D2D2-3278-3F9605E5A4C3}.Release|Any CPU.Build.0 = Release|Any CPU
		{9E216934-18C1-EEB0-07BA-E93867D8B755}.Debug|Any CPU.ActiveCfg = Debug|Any CPU
		{9E216934-18C1-EEB0-07BA-E93867D8B755}.Debug|Any CPU.Build.0 = Debug|Any CPU
		{9E216934-18C1-EEB0-07BA-E93867D8B755}.Release|Any CPU.ActiveCfg = Release|Any CPU
		{9E216934-18C1-EEB0-07BA-E93867D8B755}.Release|Any CPU.Build.0 = Release|Any CPU
		{C5613208-DC25-AA54-3A51-A02D23BCE458}.Debug|Any CPU.ActiveCfg = Debug|Any CPU
		{C5613208-DC25-AA54-3A51-A02D23BCE458}.Debug|Any CPU.Build.0 = Debug|Any CPU
		{C5613208-DC25-AA54-3A51-A02D23BCE458}.Release|Any CPU.ActiveCfg = Release|Any CPU
		{C5613208-DC25-AA54-3A51-A02D23BCE458}.Release|Any CPU.Build.0 = Release|Any CPU
		{B24D4536-8679-B29D-4787-B06E34C2ADE2}.Debug|Any CPU.ActiveCfg = Debug|Any CPU
		{B24D4536-8679-B29D-4787-B06E34C2ADE2}.Debug|Any CPU.Build.0 = Debug|Any CPU
		{B24D4536-8679-B29D-4787-B06E34C2ADE2}.Release|Any CPU.ActiveCfg = Release|Any CPU
		{B24D4536-8679-B29D-4787-B06E34C2ADE2}.Release|Any CPU.Build.0 = Release|Any CPU
		{CF0EF038-08E0-078A-291C-88038EE4CBF0}.Debug|Any CPU.ActiveCfg = Debug|Any CPU
		{CF0EF038-08E0-078A-291C-88038EE4CBF0}.Debug|Any CPU.Build.0 = Debug|Any CPU
		{CF0EF038-08E0-078A-291C-88038EE4CBF0}.Release|Any CPU.ActiveCfg = Release|Any CPU
		{CF0EF038-08E0-078A-291C-88038EE4CBF0}.Release|Any CPU.Build.0 = Release|Any CPU
		{4B3A1B94-5D94-116D-4B6A-E7894043766D}.Debug|Any CPU.ActiveCfg = Debug|Any CPU
		{4B3A1B94-5D94-116D-4B6A-E7894043766D}.Debug|Any CPU.Build.0 = Debug|Any CPU
		{4B3A1B94-5D94-116D-4B6A-E7894043766D}.Release|Any CPU.ActiveCfg = Release|Any CPU
		{4B3A1B94-5D94-116D-4B6A-E7894043766D}.Release|Any CPU.Build.0 = Release|Any CPU
		{98F44E05-27E4-D8E5-6338-615BDBEF7BDC}.Debug|Any CPU.ActiveCfg = Debug|Any CPU
		{98F44E05-27E4-D8E5-6338-615BDBEF7BDC}.Debug|Any CPU.Build.0 = Debug|Any CPU
		{98F44E05-27E4-D8E5-6338-615BDBEF7BDC}.Release|Any CPU.ActiveCfg = Release|Any CPU
		{98F44E05-27E4-D8E5-6338-615BDBEF7BDC}.Release|Any CPU.Build.0 = Release|Any CPU
	EndGlobalSection
	GlobalSection(SolutionProperties) = preSolution
		HideSolutionNode = FALSE
	EndGlobalSection
	GlobalSection(NestedProjects) = preSolution
		{98F44E05-27E4-D8E5-6338-615BDBEF7BDC} = {02EA681E-C7D8-13C7-8484-4AC65E1B71E8}
	EndGlobalSection
	GlobalSection(ExtensibilityGlobals) = postSolution
		SolutionGuid = {3AA60C14-7711-48C2-A8D5-1469A1BA4C25}
	EndGlobalSection
EndGlobal
